
Microsoft Visual Studio Solution File, Format Version 12.00
# Visual Studio 2013
VisualStudioVersion = 12.0.31101.0
MinimumVisualStudioVersion = 10.0.40219.1
Project("{FAE04EC0-301F-11D3-BF4B-00C04F79EFBC}") = "Moosend.Net.Api", "Moosend.Net.Api\Moosend.Net.Api.csproj", "{9365B0A2-BFEA-436C-80A1-649A0050AA75}"
EndProject
Project("{FAE04EC0-301F-11D3-BF4B-00C04F79EFBC}") = "Moosend.Net.Api.Config", "Moosend.Net.Api.Config\Moosend.Net.Api.Config.csproj", "{632C9880-0847-43AD-B7E0-83A59C9E4FEE}"
EndProject
Project("{FAE04EC0-301F-11D3-BF4B-00C04F79EFBC}") = "Moosend.Net.Tests", "Moosend.Net.Tests\Moosend.Net.Tests.csproj", "{A6F0C22E-43F7-46AB-BD21-0341F17B6DCE}"
EndProject
Global
	GlobalSection(SolutionConfigurationPlatforms) = preSolution
		Debug|Any CPU = Debug|Any CPU
		Release|Any CPU = Release|Any CPU
	EndGlobalSection
	GlobalSection(ProjectConfigurationPlatforms) = postSolution
		{9365B0A2-BFEA-436C-80A1-649A0050AA75}.Debug|Any CPU.ActiveCfg = Debug|Any CPU
		{9365B0A2-BFEA-436C-80A1-649A0050AA75}.Debug|Any CPU.Build.0 = Debug|Any CPU
		{9365B0A2-BFEA-436C-80A1-649A0050AA75}.Release|Any CPU.ActiveCfg = Release|Any CPU
		{9365B0A2-BFEA-436C-80A1-649A0050AA75}.Release|Any CPU.Build.0 = Release|Any CPU
		{632C9880-0847-43AD-B7E0-83A59C9E4FEE}.Debug|Any CPU.ActiveCfg = Debug|Any CPU
		{632C9880-0847-43AD-B7E0-83A59C9E4FEE}.Debug|Any CPU.Build.0 = Debug|Any CPU
		{632C9880-0847-43AD-B7E0-83A59C9E4FEE}.Release|Any CPU.ActiveCfg = Release|Any CPU
		{632C9880-0847-43AD-B7E0-83A59C9E4FEE}.Release|Any CPU.Build.0 = Release|Any CPU
		{A6F0C22E-43F7-46AB-BD21-0341F17B6DCE}.Debug|Any CPU.ActiveCfg = Debug|Any CPU
		{A6F0C22E-43F7-46AB-BD21-0341F17B6DCE}.Debug|Any CPU.Build.0 = Debug|Any CPU
		{A6F0C22E-43F7-46AB-BD21-0341F17B6DCE}.Release|Any CPU.ActiveCfg = Release|Any CPU
		{A6F0C22E-43F7-46AB-BD21-0341F17B6DCE}.Release|Any CPU.Build.0 = Release|Any CPU
	EndGlobalSection
	GlobalSection(SolutionProperties) = preSolution
		HideSolutionNode = FALSE
	EndGlobalSection
EndGlobal
